
Microsoft Visual Studio Solution File, Format Version 12.00
# Visual Studio Version 17
VisualStudioVersion = 17.0.31903.59
MinimumVisualStudioVersion = 10.0.40219.1
Project("{2150E333-8FDC-42A3-9474-1A3956D46DE8}") = "src", "src", "{0D8FD72F-C2F8-420F-82EB-E106CA2D8287}"
EndProject
Project("{FAE04EC0-301F-11D3-BF4B-00C04F79EFBC}") = "TodoApi.Application", "src\TodoApi.Application\TodoApi.Application.csproj", "{618B8674-C070-4E92-A91A-7629119E94C5}"
EndProject
Project("{FAE04EC0-301F-11D3-BF4B-00C04F79EFBC}") = "TodoApi.Domain", "src\TodoApi.Domain\TodoApi.Domain.csproj", "{1CA89542-510D-48E9-A31A-9CED5EEEC43A}"
EndProject
Project("{FAE04EC0-301F-11D3-BF4B-00C04F79EFBC}") = "TodoApi.Infrastructure", "src\TodoApi.Infrastructure\TodoApi.Infrastructure.csproj", "{F0B1F6FF-E35C-4281-99D8-19D552153975}"
EndProject
Project("{FAE04EC0-301F-11D3-BF4B-00C04F79EFBC}") = "TodoApi.Presentation", "src\TodoApi.Presentation\TodoApi.Presentation.csproj", "{44B60B72-A455-4632-958D-2A3100C18C75}"
EndProject
Project("{2150E333-8FDC-42A3-9474-1A3956D46DE8}") = "tests", "tests", "{236754C3-5A54-444D-8919-C097F770D7B0}"
EndProject
Project("{FAE04EC0-301F-11D3-BF4B-00C04F79EFBC}") = "TodoApi.FunctionalTests", "tests\TodoApi.FunctionalTests\TodoApi.FunctionalTests.csproj", "{A5AAA99D-BA67-453E-8014-234BFAB16E47}"
EndProject
Global
	GlobalSection(SolutionConfigurationPlatforms) = preSolution
		Debug|Any CPU = Debug|Any CPU
		Release|Any CPU = Release|Any CPU
	EndGlobalSection
	GlobalSection(SolutionProperties) = preSolution
		HideSolutionNode = FALSE
	EndGlobalSection
	GlobalSection(ProjectConfigurationPlatforms) = postSolution
		{618B8674-C070-4E92-A91A-7629119E94C5}.Debug|Any CPU.ActiveCfg = Debug|Any CPU
		{618B8674-C070-4E92-A91A-7629119E94C5}.Debug|Any CPU.Build.0 = Debug|Any CPU
		{618B8674-C070-4E92-A91A-7629119E94C5}.Release|Any CPU.ActiveCfg = Release|Any CPU
		{618B8674-C070-4E92-A91A-7629119E94C5}.Release|Any CPU.Build.0 = Release|Any CPU
		{1CA89542-510D-48E9-A31A-9CED5EEEC43A}.Debug|Any CPU.ActiveCfg = Debug|Any CPU
		{1CA89542-510D-48E9-A31A-9CED5EEEC43A}.Debug|Any CPU.Build.0 = Debug|Any CPU
		{1CA89542-510D-48E9-A31A-9CED5EEEC43A}.Release|Any CPU.ActiveCfg = Release|Any CPU
		{1CA89542-510D-48E9-A31A-9CED5EEEC43A}.Release|Any CPU.Build.0 = Release|Any CPU
		{F0B1F6FF-E35C-4281-99D8-19D552153975}.Debug|Any CPU.ActiveCfg = Debug|Any CPU
		{F0B1F6FF-E35C-4281-99D8-19D552153975}.Debug|Any CPU.Build.0 = Debug|Any CPU
		{F0B1F6FF-E35C-4281-99D8-19D552153975}.Release|Any CPU.ActiveCfg = Release|Any CPU
		{F0B1F6FF-E35C-4281-99D8-19D552153975}.Release|Any CPU.Build.0 = Release|Any CPU
		{44B60B72-A455-4632-958D-2A3100C18C75}.Debug|Any CPU.ActiveCfg = Debug|Any CPU
		{44B60B72-A455-4632-958D-2A3100C18C75}.Debug|Any CPU.Build.0 = Debug|Any CPU
		{44B60B72-A455-4632-958D-2A3100C18C75}.Release|Any CPU.ActiveCfg = Release|Any CPU
		{44B60B72-A455-4632-958D-2A3100C18C75}.Release|Any CPU.Build.0 = Release|Any CPU
		{A5AAA99D-BA67-453E-8014-234BFAB16E47}.Debug|Any CPU.ActiveCfg = Debug|Any CPU
		{A5AAA99D-BA67-453E-8014-234BFAB16E47}.Debug|Any CPU.Build.0 = Debug|Any CPU
		{A5AAA99D-BA67-453E-8014-234BFAB16E47}.Release|Any CPU.ActiveCfg = Release|Any CPU
		{A5AAA99D-BA67-453E-8014-234BFAB16E47}.Release|Any CPU.Build.0 = Release|Any CPU
	EndGlobalSection
	GlobalSection(NestedProjects) = preSolution
		{618B8674-C070-4E92-A91A-7629119E94C5} = {0D8FD72F-C2F8-420F-82EB-E106CA2D8287}
		{1CA89542-510D-48E9-A31A-9CED5EEEC43A} = {0D8FD72F-C2F8-420F-82EB-E106CA2D8287}
		{F0B1F6FF-E35C-4281-99D8-19D552153975} = {0D8FD72F-C2F8-420F-82EB-E106CA2D8287}
		{44B60B72-A455-4632-958D-2A3100C18C75} = {0D8FD72F-C2F8-420F-82EB-E106CA2D8287}
		{A5AAA99D-BA67-453E-8014-234BFAB16E47} = {236754C3-5A54-444D-8919-C097F770D7B0}
	EndGlobalSection
EndGlobal
